// !$*UTF8*$!
{
	archiveVersion = 1;
	classes = {
	};
	objectVersion = 46;
	objects = {

/* Begin PBXBuildFile section */
		907EA88A1D84012D008E6868 /* AppDelegate.swift in Sources */ = {isa = PBXBuildFile; fileRef = 907EA8891D84012D008E6868 /* AppDelegate.swift */; };
		907EA88C1D84012D008E6868 /* ViewController.swift in Sources */ = {isa = PBXBuildFile; fileRef = 907EA88B1D84012D008E6868 /* ViewController.swift */; };
		907EA88F1D84012D008E6868 /* Main.storyboard in Resources */ = {isa = PBXBuildFile; fileRef = 907EA88D1D84012D008E6868 /* Main.storyboard */; };
		907EA8911D84012D008E6868 /* Assets.xcassets in Resources */ = {isa = PBXBuildFile; fileRef = 907EA8901D84012D008E6868 /* Assets.xcassets */; };
		907EA8941D84012D008E6868 /* LaunchScreen.storyboard in Resources */ = {isa = PBXBuildFile; fileRef = 907EA8921D84012D008E6868 /* LaunchScreen.storyboard */; };
		907EA89C1D841124008E6868 /* Minecraft.ttf in Resources */ = {isa = PBXBuildFile; fileRef = 907EA89B1D841124008E6868 /* Minecraft.ttf */; };
		907EA89E1D8426F5008E6868 /* btn.wav in Resources */ = {isa = PBXBuildFile; fileRef = 907EA89D1D8426F5008E6868 /* btn.wav */; };
		90B39D141EDECBBD00D8FFF3 /* AudioService.swift in Sources */ = {isa = PBXBuildFile; fileRef = 90B39D131EDECBBD00D8FFF3 /* AudioService.swift */; };
		90B39D1C1EDECEAF00D8FFF3 /* Retro_CalculatorTests.swift in Sources */ = {isa = PBXBuildFile; fileRef = 90B39D1B1EDECEAF00D8FFF3 /* Retro_CalculatorTests.swift */; };
		90B39D231EDECF3A00D8FFF3 /* AudioService.swift in Sources */ = {isa = PBXBuildFile; fileRef = 90B39D131EDECBBD00D8FFF3 /* AudioService.swift */; };
		90B39D251EDEDC6300D8FFF3 /* CalcService.swift in Sources */ = {isa = PBXBuildFile; fileRef = 90B39D241EDEDC6300D8FFF3 /* CalcService.swift */; };
		90B39D261EDEDCD900D8FFF3 /* CalcService.swift in Sources */ = {isa = PBXBuildFile; fileRef = 90B39D241EDEDC6300D8FFF3 /* CalcService.swift */; };
		90B39D2E1EDEF1AC00D8FFF3 /* Retro_CalculatorUITests.swift in Sources */ = {isa = PBXBuildFile; fileRef = 90B39D2D1EDEF1AC00D8FFF3 /* Retro_CalculatorUITests.swift */; };
/* End PBXBuildFile section */

/* Begin PBXContainerItemProxy section */
		90B39D1E1EDECEAF00D8FFF3 /* PBXContainerItemProxy */ = {
			isa = PBXContainerItemProxy;
			containerPortal = 907EA87E1D84012D008E6868 /* Project object */;
			proxyType = 1;
			remoteGlobalIDString = 907EA8851D84012D008E6868;
			remoteInfo = "Retro Calculator";
		};
		90B39D301EDEF1AC00D8FFF3 /* PBXContainerItemProxy */ = {
			isa = PBXContainerItemProxy;
			containerPortal = 907EA87E1D84012D008E6868 /* Project object */;
			proxyType = 1;
			remoteGlobalIDString = 907EA8851D84012D008E6868;
			remoteInfo = "Retro Calculator";
		};
/* End PBXContainerItemProxy section */

/* Begin PBXFileReference section */
		907EA8861D84012D008E6868 /* Retro Calculator.app */ = {isa = PBXFileReference; explicitFileType = wrapper.application; includeInIndex = 0; path = "Retro Calculator.app"; sourceTree = BUILT_PRODUCTS_DIR; };
		907EA8891D84012D008E6868 /* AppDelegate.swift */ = {isa = PBXFileReference; lastKnownFileType = sourcecode.swift; path = AppDelegate.swift; sourceTree = "<group>"; };
		907EA88B1D84012D008E6868 /* ViewController.swift */ = {isa = PBXFileReference; lastKnownFileType = sourcecode.swift; path = ViewController.swift; sourceTree = "<group>"; };
		907EA88E1D84012D008E6868 /* Base */ = {isa = PBXFileReference; lastKnownFileType = file.storyboard; name = Base; path = Base.lproj/Main.storyboard; sourceTree = "<group>"; };
		907EA8901D84012D008E6868 /* Assets.xcassets */ = {isa = PBXFileReference; lastKnownFileType = folder.assetcatalog; path = Assets.xcassets; sourceTree = "<group>"; };
		907EA8931D84012D008E6868 /* Base */ = {isa = PBXFileReference; lastKnownFileType = file.storyboard; name = Base; path = Base.lproj/LaunchScreen.storyboard; sourceTree = "<group>"; };
		907EA8951D84012D008E6868 /* Info.plist */ = {isa = PBXFileReference; lastKnownFileType = text.plist.xml; path = Info.plist; sourceTree = "<group>"; };
		907EA89B1D841124008E6868 /* Minecraft.ttf */ = {isa = PBXFileReference; lastKnownFileType = file; path = Minecraft.ttf; sourceTree = "<group>"; };
		907EA89D1D8426F5008E6868 /* btn.wav */ = {isa = PBXFileReference; lastKnownFileType = audio.wav; path = btn.wav; sourceTree = "<group>"; };
		90B39D131EDECBBD00D8FFF3 /* AudioService.swift */ = {isa = PBXFileReference; fileEncoding = 4; lastKnownFileType = sourcecode.swift; path = AudioService.swift; sourceTree = "<group>"; };
		90B39D191EDECEAF00D8FFF3 /* Retro CalculatorTests.xctest */ = {isa = PBXFileReference; explicitFileType = wrapper.cfbundle; includeInIndex = 0; path = "Retro CalculatorTests.xctest"; sourceTree = BUILT_PRODUCTS_DIR; };
		90B39D1B1EDECEAF00D8FFF3 /* Retro_CalculatorTests.swift */ = {isa = PBXFileReference; lastKnownFileType = sourcecode.swift; path = Retro_CalculatorTests.swift; sourceTree = "<group>"; };
		90B39D1D1EDECEAF00D8FFF3 /* Info.plist */ = {isa = PBXFileReference; lastKnownFileType = text.plist.xml; path = Info.plist; sourceTree = "<group>"; };
		90B39D241EDEDC6300D8FFF3 /* CalcService.swift */ = {isa = PBXFileReference; fileEncoding = 4; lastKnownFileType = sourcecode.swift; path = CalcService.swift; sourceTree = "<group>"; };
		90B39D2B1EDEF1AC00D8FFF3 /* Retro CalculatorUITests.xctest */ = {isa = PBXFileReference; explicitFileType = wrapper.cfbundle; includeInIndex = 0; path = "Retro CalculatorUITests.xctest"; sourceTree = BUILT_PRODUCTS_DIR; };
		90B39D2D1EDEF1AC00D8FFF3 /* Retro_CalculatorUITests.swift */ = {isa = PBXFileReference; lastKnownFileType = sourcecode.swift; path = Retro_CalculatorUITests.swift; sourceTree = "<group>"; };
		90B39D2F1EDEF1AC00D8FFF3 /* Info.plist */ = {isa = PBXFileReference; lastKnownFileType = text.plist.xml; path = Info.plist; sourceTree = "<group>"; };
/* End PBXFileReference section */

/* Begin PBXFrameworksBuildPhase section */
		907EA8831D84012D008E6868 /* Frameworks */ = {
			isa = PBXFrameworksBuildPhase;
			buildActionMask = 2147483647;
			files = (
			);
			runOnlyForDeploymentPostprocessing = 0;
		};
		90B39D161EDECEAF00D8FFF3 /* Frameworks */ = {
			isa = PBXFrameworksBuildPhase;
			buildActionMask = 2147483647;
			files = (
			);
			runOnlyForDeploymentPostprocessing = 0;
		};
		90B39D281EDEF1AC00D8FFF3 /* Frameworks */ = {
			isa = PBXFrameworksBuildPhase;
			buildActionMask = 2147483647;
			files = (
			);
			runOnlyForDeploymentPostprocessing = 0;
		};
/* End PBXFrameworksBuildPhase section */

/* Begin PBXGroup section */
		907EA87D1D84012D008E6868 = {
			isa = PBXGroup;
			children = (
				907EA8881D84012D008E6868 /* Retro Calculator */,
				90B39D1A1EDECEAF00D8FFF3 /* Retro CalculatorTests */,
				90B39D2C1EDEF1AC00D8FFF3 /* Retro CalculatorUITests */,
				907EA8871D84012D008E6868 /* Products */,
			);
			sourceTree = "<group>";
		};
		907EA8871D84012D008E6868 /* Products */ = {
			isa = PBXGroup;
			children = (
				907EA8861D84012D008E6868 /* Retro Calculator.app */,
				90B39D191EDECEAF00D8FFF3 /* Retro CalculatorTests.xctest */,
				90B39D2B1EDEF1AC00D8FFF3 /* Retro CalculatorUITests.xctest */,
			);
			name = Products;
			sourceTree = "<group>";
		};
		907EA8881D84012D008E6868 /* Retro Calculator */ = {
			isa = PBXGroup;
			children = (
				90B39D121EDECBA900D8FFF3 /* Services */,
				907EA89B1D841124008E6868 /* Minecraft.ttf */,
				907EA89D1D8426F5008E6868 /* btn.wav */,
				907EA8891D84012D008E6868 /* AppDelegate.swift */,
				907EA88B1D84012D008E6868 /* ViewController.swift */,
				907EA88D1D84012D008E6868 /* Main.storyboard */,
				907EA8901D84012D008E6868 /* Assets.xcassets */,
				907EA8921D84012D008E6868 /* LaunchScreen.storyboard */,
				907EA8951D84012D008E6868 /* Info.plist */,
			);
			path = "Retro Calculator";
			sourceTree = "<group>";
		};
		90B39D121EDECBA900D8FFF3 /* Services */ = {
			isa = PBXGroup;
			children = (
				90B39D131EDECBBD00D8FFF3 /* AudioService.swift */,
				90B39D241EDEDC6300D8FFF3 /* CalcService.swift */,
			);
			name = Services;
			sourceTree = "<group>";
		};
		90B39D1A1EDECEAF00D8FFF3 /* Retro CalculatorTests */ = {
			isa = PBXGroup;
			children = (
				90B39D1B1EDECEAF00D8FFF3 /* Retro_CalculatorTests.swift */,
				90B39D1D1EDECEAF00D8FFF3 /* Info.plist */,
			);
			path = "Retro CalculatorTests";
			sourceTree = "<group>";
		};
		90B39D2C1EDEF1AC00D8FFF3 /* Retro CalculatorUITests */ = {
			isa = PBXGroup;
			children = (
				90B39D2D1EDEF1AC00D8FFF3 /* Retro_CalculatorUITests.swift */,
				90B39D2F1EDEF1AC00D8FFF3 /* Info.plist */,
			);
			path = "Retro CalculatorUITests";
			sourceTree = "<group>";
		};
/* End PBXGroup section */

/* Begin PBXNativeTarget section */
		907EA8851D84012D008E6868 /* Retro Calculator */ = {
			isa = PBXNativeTarget;
			buildConfigurationList = 907EA8981D84012D008E6868 /* Build configuration list for PBXNativeTarget "Retro Calculator" */;
			buildPhases = (
				907EA8821D84012D008E6868 /* Sources */,
				907EA8831D84012D008E6868 /* Frameworks */,
				907EA8841D84012D008E6868 /* Resources */,
			);
			buildRules = (
			);
			dependencies = (
			);
			name = "Retro Calculator";
			productName = "Retro Calculator";
			productReference = 907EA8861D84012D008E6868 /* Retro Calculator.app */;
			productType = "com.apple.product-type.application";
		};
		90B39D181EDECEAF00D8FFF3 /* Retro CalculatorTests */ = {
			isa = PBXNativeTarget;
			buildConfigurationList = 90B39D201EDECEAF00D8FFF3 /* Build configuration list for PBXNativeTarget "Retro CalculatorTests" */;
			buildPhases = (
				90B39D151EDECEAF00D8FFF3 /* Sources */,
				90B39D161EDECEAF00D8FFF3 /* Frameworks */,
				90B39D171EDECEAF00D8FFF3 /* Resources */,
			);
			buildRules = (
			);
			dependencies = (
				90B39D1F1EDECEAF00D8FFF3 /* PBXTargetDependency */,
			);
			name = "Retro CalculatorTests";
			productName = "Retro CalculatorTests";
			productReference = 90B39D191EDECEAF00D8FFF3 /* Retro CalculatorTests.xctest */;
			productType = "com.apple.product-type.bundle.unit-test";
		};
		90B39D2A1EDEF1AC00D8FFF3 /* Retro CalculatorUITests */ = {
			isa = PBXNativeTarget;
			buildConfigurationList = 90B39D341EDEF1AC00D8FFF3 /* Build configuration list for PBXNativeTarget "Retro CalculatorUITests" */;
			buildPhases = (
				90B39D271EDEF1AC00D8FFF3 /* Sources */,
				90B39D281EDEF1AC00D8FFF3 /* Frameworks */,
				90B39D291EDEF1AC00D8FFF3 /* Resources */,
			);
			buildRules = (
			);
			dependencies = (
				90B39D311EDEF1AC00D8FFF3 /* PBXTargetDependency */,
			);
			name = "Retro CalculatorUITests";
			productName = "Retro CalculatorUITests";
			productReference = 90B39D2B1EDEF1AC00D8FFF3 /* Retro CalculatorUITests.xctest */;
			productType = "com.apple.product-type.bundle.ui-testing";
		};
/* End PBXNativeTarget section */

/* Begin PBXProject section */
		907EA87E1D84012D008E6868 /* Project object */ = {
			isa = PBXProject;
			attributes = {
				LastSwiftUpdateCheck = 0830;
				LastUpgradeCheck = 0820;
				ORGANIZATIONNAME = "Foster Inc.";
				TargetAttributes = {
					907EA8851D84012D008E6868 = {
						CreatedOnToolsVersion = 7.3.1;
						DevelopmentTeam = PTRW36GG78;
						LastSwiftMigration = 0820;
					};
					90B39D181EDECEAF00D8FFF3 = {
						CreatedOnToolsVersion = 8.3.2;
						DevelopmentTeam = PTRW36GG78;
						ProvisioningStyle = Automatic;
						TestTargetID = 907EA8851D84012D008E6868;
					};
					90B39D2A1EDEF1AC00D8FFF3 = {
						CreatedOnToolsVersion = 8.3.2;
						DevelopmentTeam = PTRW36GG78;
						ProvisioningStyle = Automatic;
						TestTargetID = 907EA8851D84012D008E6868;
					};
				};
			};
			buildConfigurationList = 907EA8811D84012D008E6868 /* Build configuration list for PBXProject "Retro Calculator" */;
			compatibilityVersion = "Xcode 3.2";
			developmentRegion = English;
			hasScannedForEncodings = 0;
			knownRegions = (
				en,
				Base,
			);
			mainGroup = 907EA87D1D84012D008E6868;
			productRefGroup = 907EA8871D84012D008E6868 /* Products */;
			projectDirPath = "";
			projectRoot = "";
			targets = (
				907EA8851D84012D008E6868 /* Retro Calculator */,
				90B39D181EDECEAF00D8FFF3 /* Retro CalculatorTests */,
				90B39D2A1EDEF1AC00D8FFF3 /* Retro CalculatorUITests */,
			);
		};
/* End PBXProject section */

/* Begin PBXResourcesBuildPhase section */
		907EA8841D84012D008E6868 /* Resources */ = {
			isa = PBXResourcesBuildPhase;
			buildActionMask = 2147483647;
			files = (
				907EA89E1D8426F5008E6868 /* btn.wav in Resources */,
				907EA8941D84012D008E6868 /* LaunchScreen.storyboard in Resources */,
				907EA8911D84012D008E6868 /* Assets.xcassets in Resources */,
				907EA89C1D841124008E6868 /* Minecraft.ttf in Resources */,
				907EA88F1D84012D008E6868 /* Main.storyboard in Resources */,
			);
			runOnlyForDeploymentPostprocessing = 0;
		};
		90B39D171EDECEAF00D8FFF3 /* Resources */ = {
			isa = PBXResourcesBuildPhase;
			buildActionMask = 2147483647;
			files = (
			);
			runOnlyForDeploymentPostprocessing = 0;
		};
		90B39D291EDEF1AC00D8FFF3 /* Resources */ = {
			isa = PBXResourcesBuildPhase;
			buildActionMask = 2147483647;
			files = (
			);
			runOnlyForDeploymentPostprocessing = 0;
		};
/* End PBXResourcesBuildPhase section */

/* Begin PBXSourcesBuildPhase section */
		907EA8821D84012D008E6868 /* Sources */ = {
			isa = PBXSourcesBuildPhase;
			buildActionMask = 2147483647;
			files = (
				90B39D251EDEDC6300D8FFF3 /* CalcService.swift in Sources */,
				907EA88C1D84012D008E6868 /* ViewController.swift in Sources */,
				907EA88A1D84012D008E6868 /* AppDelegate.swift in Sources */,
				90B39D141EDECBBD00D8FFF3 /* AudioService.swift in Sources */,
			);
			runOnlyForDeploymentPostprocessing = 0;
		};
		90B39D151EDECEAF00D8FFF3 /* Sources */ = {
			isa = PBXSourcesBuildPhase;
			buildActionMask = 2147483647;
			files = (
				90B39D231EDECF3A00D8FFF3 /* AudioService.swift in Sources */,
				90B39D261EDEDCD900D8FFF3 /* CalcService.swift in Sources */,
				90B39D1C1EDECEAF00D8FFF3 /* Retro_CalculatorTests.swift in Sources */,
			);
			runOnlyForDeploymentPostprocessing = 0;
		};
		90B39D271EDEF1AC00D8FFF3 /* Sources */ = {
			isa = PBXSourcesBuildPhase;
			buildActionMask = 2147483647;
			files = (
				90B39D2E1EDEF1AC00D8FFF3 /* Retro_CalculatorUITests.swift in Sources */,
			);
			runOnlyForDeploymentPostprocessing = 0;
		};
/* End PBXSourcesBuildPhase section */

/* Begin PBXTargetDependency section */
		90B39D1F1EDECEAF00D8FFF3 /* PBXTargetDependency */ = {
			isa = PBXTargetDependency;
			target = 907EA8851D84012D008E6868 /* Retro Calculator */;
			targetProxy = 90B39D1E1EDECEAF00D8FFF3 /* PBXContainerItemProxy */;
		};
		90B39D311EDEF1AC00D8FFF3 /* PBXTargetDependency */ = {
			isa = PBXTargetDependency;
			target = 907EA8851D84012D008E6868 /* Retro Calculator */;
			targetProxy = 90B39D301EDEF1AC00D8FFF3 /* PBXContainerItemProxy */;
		};
/* End PBXTargetDependency section */

/* Begin PBXVariantGroup section */
		907EA88D1D84012D008E6868 /* Main.storyboard */ = {
			isa = PBXVariantGroup;
			children = (
				907EA88E1D84012D008E6868 /* Base */,
			);
			name = Main.storyboard;
			sourceTree = "<group>";
		};
		907EA8921D84012D008E6868 /* LaunchScreen.storyboard */ = {
			isa = PBXVariantGroup;
			children = (
				907EA8931D84012D008E6868 /* Base */,
			);
			name = LaunchScreen.storyboard;
			sourceTree = "<group>";
		};
/* End PBXVariantGroup section */

/* Begin XCBuildConfiguration section */
		907EA8961D84012D008E6868 /* Debug */ = {
			isa = XCBuildConfiguration;
			buildSettings = {
				ALWAYS_SEARCH_USER_PATHS = NO;
				CLANG_ANALYZER_NONNULL = YES;
				CLANG_CXX_LANGUAGE_STANDARD = "gnu++0x";
				CLANG_CXX_LIBRARY = "libc++";
				CLANG_ENABLE_MODULES = YES;
				CLANG_ENABLE_OBJC_ARC = YES;
				CLANG_WARN_BOOL_CONVERSION = YES;
				CLANG_WARN_CONSTANT_CONVERSION = YES;
				CLANG_WARN_DIRECT_OBJC_ISA_USAGE = YES_ERROR;
				CLANG_WARN_EMPTY_BODY = YES;
				CLANG_WARN_ENUM_CONVERSION = YES;
				CLANG_WARN_INFINITE_RECURSION = YES;
				CLANG_WARN_INT_CONVERSION = YES;
				CLANG_WARN_OBJC_ROOT_CLASS = YES_ERROR;
				CLANG_WARN_SUSPICIOUS_MOVE = YES;
				CLANG_WARN_UNREACHABLE_CODE = YES;
				CLANG_WARN__DUPLICATE_METHOD_MATCH = YES;
				"CODE_SIGN_IDENTITY[sdk=iphoneos*]" = "iPhone Developer";
				COPY_PHASE_STRIP = NO;
				DEBUG_INFORMATION_FORMAT = dwarf;
				ENABLE_STRICT_OBJC_MSGSEND = YES;
				ENABLE_TESTABILITY = YES;
				GCC_C_LANGUAGE_STANDARD = gnu99;
				GCC_DYNAMIC_NO_PIC = NO;
				GCC_NO_COMMON_BLOCKS = YES;
				GCC_OPTIMIZATION_LEVEL = 0;
				GCC_PREPROCESSOR_DEFINITIONS = (
					"DEBUG=1",
					"$(inherited)",
				);
				GCC_WARN_64_TO_32_BIT_CONVERSION = YES;
				GCC_WARN_ABOUT_RETURN_TYPE = YES_ERROR;
				GCC_WARN_UNDECLARED_SELECTOR = YES;
				GCC_WARN_UNINITIALIZED_AUTOS = YES_AGGRESSIVE;
				GCC_WARN_UNUSED_FUNCTION = YES;
				GCC_WARN_UNUSED_VARIABLE = YES;
				IPHONEOS_DEPLOYMENT_TARGET = 9.3;
				MTL_ENABLE_DEBUG_INFO = YES;
				ONLY_ACTIVE_ARCH = YES;
				SDKROOT = iphoneos;
				SWIFT_OPTIMIZATION_LEVEL = "-Onone";
			};
			name = Debug;
		};
		907EA8971D84012D008E6868 /* Release */ = {
			isa = XCBuildConfiguration;
			buildSettings = {
				ALWAYS_SEARCH_USER_PATHS = NO;
				CLANG_ANALYZER_NONNULL = YES;
				CLANG_CXX_LANGUAGE_STANDARD = "gnu++0x";
				CLANG_CXX_LIBRARY = "libc++";
				CLANG_ENABLE_MODULES = YES;
				CLANG_ENABLE_OBJC_ARC = YES;
				CLANG_WARN_BOOL_CONVERSION = YES;
				CLANG_WARN_CONSTANT_CONVERSION = YES;
				CLANG_WARN_DIRECT_OBJC_ISA_USAGE = YES_ERROR;
				CLANG_WARN_EMPTY_BODY = YES;
				CLANG_WARN_ENUM_CONVERSION = YES;
				CLANG_WARN_INFINITE_RECURSION = YES;
				CLANG_WARN_INT_CONVERSION = YES;
				CLANG_WARN_OBJC_ROOT_CLASS = YES_ERROR;
				CLANG_WARN_SUSPICIOUS_MOVE = YES;
				CLANG_WARN_UNREACHABLE_CODE = YES;
				CLANG_WARN__DUPLICATE_METHOD_MATCH = YES;
				"CODE_SIGN_IDENTITY[sdk=iphoneos*]" = "iPhone Developer";
				COPY_PHASE_STRIP = NO;
				DEBUG_INFORMATION_FORMAT = "dwarf-with-dsym";
				ENABLE_NS_ASSERTIONS = NO;
				ENABLE_STRICT_OBJC_MSGSEND = YES;
				GCC_C_LANGUAGE_STANDARD = gnu99;
				GCC_NO_COMMON_BLOCKS = YES;
				GCC_WARN_64_TO_32_BIT_CONVERSION = YES;
				GCC_WARN_ABOUT_RETURN_TYPE = YES_ERROR;
				GCC_WARN_UNDECLARED_SELECTOR = YES;
				GCC_WARN_UNINITIALIZED_AUTOS = YES_AGGRESSIVE;
				GCC_WARN_UNUSED_FUNCTION = YES;
				GCC_WARN_UNUSED_VARIABLE = YES;
				IPHONEOS_DEPLOYMENT_TARGET = 9.3;
				MTL_ENABLE_DEBUG_INFO = NO;
				SDKROOT = iphoneos;
				SWIFT_OPTIMIZATION_LEVEL = "-Owholemodule";
				VALIDATE_PRODUCT = YES;
			};
			name = Release;
		};
		907EA8991D84012D008E6868 /* Debug */ = {
			isa = XCBuildConfiguration;
			buildSettings = {
				ASSETCATALOG_COMPILER_APPICON_NAME = AppIcon;
				CODE_SIGN_IDENTITY = "iPhone Developer";
				DEVELOPMENT_TEAM = PTRW36GG78;
				INFOPLIST_FILE = "Retro Calculator/Info.plist";
				LD_RUNPATH_SEARCH_PATHS = "$(inherited) @executable_path/Frameworks";
				PRODUCT_BUNDLE_IDENTIFIER = "com.Foster-Inc..Retro-Calculator";
				PRODUCT_NAME = "$(TARGET_NAME)";
				SWIFT_VERSION = 3.0;
			};
			name = Debug;
		};
		907EA89A1D84012D008E6868 /* Release */ = {
			isa = XCBuildConfiguration;
			buildSettings = {
				ASSETCATALOG_COMPILER_APPICON_NAME = AppIcon;
				CODE_SIGN_IDENTITY = "iPhone Developer";
				DEVELOPMENT_TEAM = PTRW36GG78;
				INFOPLIST_FILE = "Retro Calculator/Info.plist";
				LD_RUNPATH_SEARCH_PATHS = "$(inherited) @executable_path/Frameworks";
				PRODUCT_BUNDLE_IDENTIFIER = "com.Foster-Inc..Retro-Calculator";
				PRODUCT_NAME = "$(TARGET_NAME)";
				SWIFT_VERSION = 3.0;
			};
			name = Release;
		};
		90B39D211EDECEAF00D8FFF3 /* Debug */ = {
			isa = XCBuildConfiguration;
			buildSettings = {
				BUNDLE_LOADER = "$(TEST_HOST)";
				CLANG_ANALYZER_NUMBER_OBJECT_CONVERSION = YES_AGGRESSIVE;
				CLANG_WARN_DOCUMENTATION_COMMENTS = YES;
				DEVELOPMENT_TEAM = PTRW36GG78;
				INFOPLIST_FILE = "Retro CalculatorTests/Info.plist";
				IPHONEOS_DEPLOYMENT_TARGET = 10.3;
				LD_RUNPATH_SEARCH_PATHS = "$(inherited) @executable_path/Frameworks @loader_path/Frameworks";
				PRODUCT_BUNDLE_IDENTIFIER = "com.losAngelesBoy.Retro-CalculatorTests";
				PRODUCT_NAME = "$(TARGET_NAME)";
				SWIFT_ACTIVE_COMPILATION_CONDITIONS = DEBUG;
				SWIFT_VERSION = 3.0;
				TEST_HOST = "$(BUILT_PRODUCTS_DIR)/Retro Calculator.app/Retro Calculator";
			};
			name = Debug;
		};
		90B39D221EDECEAF00D8FFF3 /* Release */ = {
			isa = XCBuildConfiguration;
			buildSettings = {
				BUNDLE_LOADER = "$(TEST_HOST)";
				CLANG_ANALYZER_NUMBER_OBJECT_CONVERSION = YES_AGGRESSIVE;
				CLANG_WARN_DOCUMENTATION_COMMENTS = YES;
				DEVELOPMENT_TEAM = PTRW36GG78;
				INFOPLIST_FILE = "Retro CalculatorTests/Info.plist";
				IPHONEOS_DEPLOYMENT_TARGET = 10.3;
				LD_RUNPATH_SEARCH_PATHS = "$(inherited) @executable_path/Frameworks @loader_path/Frameworks";
				PRODUCT_BUNDLE_IDENTIFIER = "com.losAngelesBoy.Retro-CalculatorTests";
				PRODUCT_NAME = "$(TARGET_NAME)";
				SWIFT_VERSION = 3.0;
				TEST_HOST = "$(BUILT_PRODUCTS_DIR)/Retro Calculator.app/Retro Calculator";
			};
			name = Release;
		};
		90B39D321EDEF1AC00D8FFF3 /* Debug */ = {
			isa = XCBuildConfiguration;
			buildSettings = {
				CLANG_ANALYZER_NUMBER_OBJECT_CONVERSION = YES_AGGRESSIVE;
				CLANG_WARN_DOCUMENTATION_COMMENTS = YES;
				DEVELOPMENT_TEAM = PTRW36GG78;
				INFOPLIST_FILE = "Retro CalculatorUITests/Info.plist";
				IPHONEOS_DEPLOYMENT_TARGET = 10.3;
				LD_RUNPATH_SEARCH_PATHS = "$(inherited) @executable_path/Frameworks @loader_path/Frameworks";
				PRODUCT_BUNDLE_IDENTIFIER = "com.losAngelesBoy.Retro-CalculatorUITests";
				PRODUCT_NAME = "$(TARGET_NAME)";
				SWIFT_ACTIVE_COMPILATION_CONDITIONS = DEBUG;
				SWIFT_VERSION = 3.0;
				TEST_TARGET_NAME = "Retro Calculator";
			};
			name = Debug;
		};
		90B39D331EDEF1AC00D8FFF3 /* Release */ = {
			isa = XCBuildConfiguration;
			buildSettings = {
				CLANG_ANALYZER_NUMBER_OBJECT_CONVERSION = YES_AGGRESSIVE;
				CLANG_WARN_DOCUMENTATION_COMMENTS = YES;
				DEVELOPMENT_TEAM = PTRW36GG78;
				INFOPLIST_FILE = "Retro CalculatorUITests/Info.plist";
				IPHONEOS_DEPLOYMENT_TARGET = 10.3;
				LD_RUNPATH_SEARCH_PATHS = "$(inherited) @executable_path/Frameworks @loader_path/Frameworks";
				PRODUCT_BUNDLE_IDENTIFIER = "com.losAngelesBoy.Retro-CalculatorUITests";
				PRODUCT_NAME = "$(TARGET_NAME)";
				SWIFT_VERSION = 3.0;
				TEST_TARGET_NAME = "Retro Calculator";
			};
			name = Release;
		};
/* End XCBuildConfiguration section */

/* Begin XCConfigurationList section */
		907EA8811D84012D008E6868 /* Build configuration list for PBXProject "Retro Calculator" */ = {
			isa = XCConfigurationList;
			buildConfigurations = (
				907EA8961D84012D008E6868 /* Debug */,
				907EA8971D84012D008E6868 /* Release */,
			);
			defaultConfigurationIsVisible = 0;
			defaultConfigurationName = Release;
		};
		907EA8981D84012D008E6868 /* Build configuration list for PBXNativeTarget "Retro Calculator" */ = {
			isa = XCConfigurationList;
			buildConfigurations = (
				907EA8991D84012D008E6868 /* Debug */,
				907EA89A1D84012D008E6868 /* Release */,
			);
			defaultConfigurationIsVisible = 0;
			defaultConfigurationName = Release;
		};
		90B39D201EDECEAF00D8FFF3 /* Build configuration list for PBXNativeTarget "Retro CalculatorTests" */ = {
			isa = XCConfigurationList;
			buildConfigurations = (
				90B39D211EDECEAF00D8FFF3 /* Debug */,
				90B39D221EDECEAF00D8FFF3 /* Release */,
			);
			defaultConfigurationIsVisible = 0;
			defaultConfigurationName = Release;
		};
		90B39D341EDEF1AC00D8FFF3 /* Build configuration list for PBXNativeTarget "Retro CalculatorUITests" */ = {
			isa = XCConfigurationList;
			buildConfigurations = (
				90B39D321EDEF1AC00D8FFF3 /* Debug */,
				90B39D331EDEF1AC00D8FFF3 /* Release */,
			);
			defaultConfigurationIsVisible = 0;
		};
/* End XCConfigurationList section */
	};
	rootObject = 907EA87E1D84012D008E6868 /* Project object */;
}
